
Microsoft Visual Studio Solution File, Format Version 12.00
# Visual Studio Version 17
VisualStudioVersion = 17.5.33627.172
MinimumVisualStudioVersion = 10.0.40219.1
Project("{9A19103F-16F7-4668-BE54-9A1E7A4F7556}") = "ShopXpress.Presentation", "ShopXpress.API\ShopXpress.Presentation.csproj", "{03C6595E-B70D-4617-BA55-21BC11900F5F}"
EndProject
Project("{9A19103F-16F7-4668-BE54-9A1E7A4F7556}") = "ShopXpress.Models", "ShopXpress.Models\ShopXpress.Models.csproj", "{C046D056-9871-4BBF-87B6-52566912650C}"
EndProject
Project("{9A19103F-16F7-4668-BE54-9A1E7A4F7556}") = "ShopXpress.DAL", "ShopXpress.DAL\ShopXpress.DAL.csproj", "{6AFBAF5A-E17D-4B67-9879-6F8847CC8783}"
EndProject
Project("{9A19103F-16F7-4668-BE54-9A1E7A4F7556}") = "ShopXpress.BLL", "ShopXpress.BLL\ShopXpress.BLL.csproj", "{CC06B988-C5D8-4190-94A4-6FEB292CD0E7}"
EndProject
Project("{9A19103F-16F7-4668-BE54-9A1E7A4F7556}") = "ShopXpress.Tests", "ShopXpress.Tests\ShopXpress.Tests.csproj", "{77673D24-5682-4B48-B97B-DDD14C417DD2}"
EndProject
Global
	GlobalSection(SolutionConfigurationPlatforms) = preSolution
		Debug|Any CPU = Debug|Any CPU
		Release|Any CPU = Release|Any CPU
	EndGlobalSection
	GlobalSection(ProjectConfigurationPlatforms) = postSolution
		{03C6595E-B70D-4617-BA55-21BC11900F5F}.Debug|Any CPU.ActiveCfg = Debug|Any CPU
		{03C6595E-B70D-4617-BA55-21BC11900F5F}.Debug|Any CPU.Build.0 = Debug|Any CPU
		{03C6595E-B70D-4617-BA55-21BC11900F5F}.Release|Any CPU.ActiveCfg = Release|Any CPU
		{03C6595E-B70D-4617-BA55-21BC11900F5F}.Release|Any CPU.Build.0 = Release|Any CPU
		{C046D056-9871-4BBF-87B6-52566912650C}.Debug|Any CPU.ActiveCfg = Debug|Any CPU
		{C046D056-9871-4BBF-87B6-52566912650C}.Debug|Any CPU.Build.0 = Debug|Any CPU
		{C046D056-9871-4BBF-87B6-52566912650C}.Release|Any CPU.ActiveCfg = Release|Any CPU
		{C046D056-9871-4BBF-87B6-52566912650C}.Release|Any CPU.Build.0 = Release|Any CPU
		{6AFBAF5A-E17D-4B67-9879-6F8847CC8783}.Debug|Any CPU.ActiveCfg = Debug|Any CPU
		{6AFBAF5A-E17D-4B67-9879-6F8847CC8783}.Debug|Any CPU.Build.0 = Debug|Any CPU
		{6AFBAF5A-E17D-4B67-9879-6F8847CC8783}.Release|Any CPU.ActiveCfg = Release|Any CPU
		{6AFBAF5A-E17D-4B67-9879-6F8847CC8783}.Release|Any CPU.Build.0 = Release|Any CPU
		{CC06B988-C5D8-4190-94A4-6FEB292CD0E7}.Debug|Any CPU.ActiveCfg = Debug|Any CPU
		{CC06B988-C5D8-4190-94A4-6FEB292CD0E7}.Debug|Any CPU.Build.0 = Debug|Any CPU
		{CC06B988-C5D8-4190-94A4-6FEB292CD0E7}.Release|Any CPU.ActiveCfg = Release|Any CPU
		{CC06B988-C5D8-4190-94A4-6FEB292CD0E7}.Release|Any CPU.Build.0 = Release|Any CPU
		{77673D24-5682-4B48-B97B-DDD14C417DD2}.Debug|Any CPU.ActiveCfg = Debug|Any CPU
		{77673D24-5682-4B48-B97B-DDD14C417DD2}.Debug|Any CPU.Build.0 = Debug|Any CPU
		{77673D24-5682-4B48-B97B-DDD14C417DD2}.Release|Any CPU.ActiveCfg = Release|Any CPU
		{77673D24-5682-4B48-B97B-DDD14C417DD2}.Release|Any CPU.Build.0 = Release|Any CPU
	EndGlobalSection
	GlobalSection(SolutionProperties) = preSolution
		HideSolutionNode = FALSE
	EndGlobalSection
	GlobalSection(ExtensibilityGlobals) = postSolution
		SolutionGuid = {3847B2B2-B945-4B50-930A-AF3E4B30B030}
	EndGlobalSection
EndGlobal
